# image references used by the local Opik 2.1.32 deployment
mysql:8.4.2
redis:7.2.4-alpine3.19
alpine:3.22.1
clickhouse/clickhouse-server:25.8.16.34-alpine
zookeeper:3.9.4
minio/minio:RELEASE.2025-03-12T18-04-18Z
minio/mc:RELEASE.2025-03-12T17-29-24Z
ghcr.io/comet-ml/opik/opik-backend:2.1.32
ghcr.io/comet-ml/opik/opik-python-backend:2.1.32
ghcr.io/comet-ml/opik/opik-guardrails-backend:2.1.32
ghcr.io/comet-ml/opik/opik-frontend:2.1.32
jaegertracing/all-in-one:1.63.0
otel/opentelemetry-collector-contrib:0.139.0
